
Microsoft Visual Studio Solution File, Format Version 12.00
# Visual Studio Version 17
VisualStudioVersion = 17.13.35919.96
MinimumVisualStudioVersion = 10.0.40219.1
Project("{FAE04EC0-301F-11D3-BF4B-00C04F79EFBC}") = "dotnetlab", "dotnetlab.csproj", "{3A93B522-2941-4317-9F92-D2299917F55B}"
EndProject
Global
	GlobalSection(SolutionConfigurationPlatforms) = preSolution
		Debug|Any CPU = Debug|Any CPU
		Release|Any CPU = Release|Any CPU
	EndGlobalSection
	GlobalSection(ProjectConfigurationPlatforms) = postSolution
		{3A93B522-2941-4317-9F92-D2299917F55B}.Debug|Any CPU.ActiveCfg = Debug|Any CPU
		{3A93B522-2941-4317-9F92-D2299917F55B}.Debug|Any CPU.Build.0 = Debug|Any CPU
		{3A93B522-2941-4317-9F92-D2299917F55B}.Release|Any CPU.ActiveCfg = Release|Any CPU
		{3A93B522-2941-4317-9F92-D2299917F55B}.Release|Any CPU.Build.0 = Release|Any CPU
	EndGlobalSection
	GlobalSection(SolutionProperties) = preSolution
		HideSolutionNode = FALSE
	EndGlobalSection
	GlobalSection(ExtensibilityGlobals) = postSolution
		SolutionGuid = {BE3E73DB-A873-4E32-8BA4-861552569D8E}
	EndGlobalSection
EndGlobal
