
Microsoft Visual Studio Solution File, Format Version 12.00
# Visual Studio Version 17
VisualStudioVersion = 17.13.35919.96 d17.13
MinimumVisualStudioVersion = 10.0.40219.1
Project("{FAE04EC0-301F-11D3-BF4B-00C04F79EFBC}") = "oop", "oop.csproj", "{EE76528C-7FD6-47B4-A68D-30B6BFA454E4}"
EndProject
Global
	GlobalSection(SolutionConfigurationPlatforms) = preSolution
		Debug|Any CPU = Debug|Any CPU
		Release|Any CPU = Release|Any CPU
	EndGlobalSection
	GlobalSection(ProjectConfigurationPlatforms) = postSolution
		{EE76528C-7FD6-47B4-A68D-30B6BFA454E4}.Debug|Any CPU.ActiveCfg = Debug|Any CPU
		{EE76528C-7FD6-47B4-A68D-30B6BFA454E4}.Debug|Any CPU.Build.0 = Debug|Any CPU
		{EE76528C-7FD6-47B4-A68D-30B6BFA454E4}.Release|Any CPU.ActiveCfg = Release|Any CPU
		{EE76528C-7FD6-47B4-A68D-30B6BFA454E4}.Release|Any CPU.Build.0 = Release|Any CPU
	EndGlobalSection
	GlobalSection(SolutionProperties) = preSolution
		HideSolutionNode = FALSE
	EndGlobalSection
	GlobalSection(ExtensibilityGlobals) = postSolution
		SolutionGuid = {C876C9BF-EA8B-42F0-B3AC-6C95CC41B3D3}
	EndGlobalSection
EndGlobal
